
Microsoft Visual Studio Solution File, Format Version 12.00
Project("{FAE04EC0-301F-11D3-BF4B-00C04F79EFBC}") = "book-store-api", "book-store-api\book-store-api.csproj", "{A5571C2C-2FBE-4499-B0EA-EFE227B907C4}"
EndProject
Global
	GlobalSection(SolutionConfigurationPlatforms) = preSolution
		Debug|Any CPU = Debug|Any CPU
		Release|Any CPU = Release|Any CPU
	EndGlobalSection
	GlobalSection(ProjectConfigurationPlatforms) = postSolution
		{A5571C2C-2FBE-4499-B0EA-EFE227B907C4}.Debug|Any CPU.ActiveCfg = Debug|Any CPU
		{A5571C2C-2FBE-4499-B0EA-EFE227B907C4}.Debug|Any CPU.Build.0 = Debug|Any CPU
		{A5571C2C-2FBE-4499-B0EA-EFE227B907C4}.Release|Any CPU.ActiveCfg = Release|Any CPU
		{A5571C2C-2FBE-4499-B0EA-EFE227B907C4}.Release|Any CPU.Build.0 = Release|Any CPU
	EndGlobalSection
EndGlobal
